// !$*UTF8*$!
{
	archiveVersion = 1;
	classes = {
	};
	objectVersion = 55;
	objects = {

/* Begin PBXBuildFile section */
		1F27A9C84FA7212A937DEE7E /* Pods_CookBookApp.framework in Frameworks */ = {isa = PBXBuildFile; fileRef = 4C2C4F116B9D8865A14ACE88 /* Pods_CookBookApp.framework */; };
		DC2376B528806EF400DDBBCD /* Dish.swift in Sources */ = {isa = PBXBuildFile; fileRef = DC2376B428806EF400DDBBCD /* Dish.swift */; };
		DC2376B92880703C00DDBBCD /* StorageManager.swift in Sources */ = {isa = PBXBuildFile; fileRef = DC2376B82880703C00DDBBCD /* StorageManager.swift */; };
		DC2376BB2880705900DDBBCD /* DataManager.swift in Sources */ = {isa = PBXBuildFile; fileRef = DC2376BA2880705900DDBBCD /* DataManager.swift */; };
		DC2376BD2880710F00DDBBCD /* MainCollectionViewController.swift in Sources */ = {isa = PBXBuildFile; fileRef = DC2376BC2880710F00DDBBCD /* MainCollectionViewController.swift */; };
		DC2376BF2880712E00DDBBCD /* CollectionViewCell.swift in Sources */ = {isa = PBXBuildFile; fileRef = DC2376BE2880712E00DDBBCD /* CollectionViewCell.swift */; };
		DC2376C12880717900DDBBCD /* AddViewController.swift in Sources */ = {isa = PBXBuildFile; fileRef = DC2376C02880717900DDBBCD /* AddViewController.swift */; };
		DC2376C32880719200DDBBCD /* DetailsViewController.swift in Sources */ = {isa = PBXBuildFile; fileRef = DC2376C22880719200DDBBCD /* DetailsViewController.swift */; };
		DCD92A2B28805700003E8310 /* AppDelegate.swift in Sources */ = {isa = PBXBuildFile; fileRef = DCD92A2A28805700003E8310 /* AppDelegate.swift */; };
		DCD92A2D28805700003E8310 /* SceneDelegate.swift in Sources */ = {isa = PBXBuildFile; fileRef = DCD92A2C28805700003E8310 /* SceneDelegate.swift */; };
		DCD92A3228805701003E8310 /* Main.storyboard in Resources */ = {isa = PBXBuildFile; fileRef = DCD92A3028805700003E8310 /* Main.storyboard */; };
		DCD92A3428805702003E8310 /* Assets.xcassets in Resources */ = {isa = PBXBuildFile; fileRef = DCD92A3328805702003E8310 /* Assets.xcassets */; };
		DCD92A3728805702003E8310 /* LaunchScreen.storyboard in Resources */ = {isa = PBXBuildFile; fileRef = DCD92A3528805702003E8310 /* LaunchScreen.storyboard */; };
/* End PBXBuildFile section */

/* Begin PBXFileReference section */
		1F8A43763AA16B10FA4349E9 /* Pods-CookBookApp.release.xcconfig */ = {isa = PBXFileReference; includeInIndex = 1; lastKnownFileType = text.xcconfig; name = "Pods-CookBookApp.release.xcconfig"; path = "Target Support Files/Pods-CookBookApp/Pods-CookBookApp.release.xcconfig"; sourceTree = "<group>"; };
		4C2C4F116B9D8865A14ACE88 /* Pods_CookBookApp.framework */ = {isa = PBXFileReference; explicitFileType = wrapper.framework; includeInIndex = 0; path = Pods_CookBookApp.framework; sourceTree = BUILT_PRODUCTS_DIR; };
		5FAD573A0D965D86729FC8EF /* Pods-CookBookApp.debug.xcconfig */ = {isa = PBXFileReference; includeInIndex = 1; lastKnownFileType = text.xcconfig; name = "Pods-CookBookApp.debug.xcconfig"; path = "Target Support Files/Pods-CookBookApp/Pods-CookBookApp.debug.xcconfig"; sourceTree = "<group>"; };
		DC2376B428806EF400DDBBCD /* Dish.swift */ = {isa = PBXFileReference; lastKnownFileType = sourcecode.swift; path = Dish.swift; sourceTree = "<group>"; };
		DC2376B82880703C00DDBBCD /* StorageManager.swift */ = {isa = PBXFileReference; lastKnownFileType = sourcecode.swift; path = StorageManager.swift; sourceTree = "<group>"; };
		DC2376BA2880705900DDBBCD /* DataManager.swift */ = {isa = PBXFileReference; lastKnownFileType = sourcecode.swift; path = DataManager.swift; sourceTree = "<group>"; };
		DC2376BC2880710F00DDBBCD /* MainCollectionViewController.swift */ = {isa = PBXFileReference; lastKnownFileType = sourcecode.swift; path = MainCollectionViewController.swift; sourceTree = "<group>"; };
		DC2376BE2880712E00DDBBCD /* CollectionViewCell.swift */ = {isa = PBXFileReference; lastKnownFileType = sourcecode.swift; path = CollectionViewCell.swift; sourceTree = "<group>"; };
		DC2376C02880717900DDBBCD /* AddViewController.swift */ = {isa = PBXFileReference; lastKnownFileType = sourcecode.swift; path = AddViewController.swift; sourceTree = "<group>"; };
		DC2376C22880719200DDBBCD /* DetailsViewController.swift */ = {isa = PBXFileReference; lastKnownFileType = sourcecode.swift; path = DetailsViewController.swift; sourceTree = "<group>"; };
		DCD92A2728805700003E8310 /* CookBookApp.app */ = {isa = PBXFileReference; explicitFileType = wrapper.application; includeInIndex = 0; path = CookBookApp.app; sourceTree = BUILT_PRODUCTS_DIR; };
		DCD92A2A28805700003E8310 /* AppDelegate.swift */ = {isa = PBXFileReference; lastKnownFileType = sourcecode.swift; path = AppDelegate.swift; sourceTree = "<group>"; };
		DCD92A2C28805700003E8310 /* SceneDelegate.swift */ = {isa = PBXFileReference; lastKnownFileType = sourcecode.swift; path = SceneDelegate.swift; sourceTree = "<group>"; };
		DCD92A3128805700003E8310 /* Base */ = {isa = PBXFileReference; lastKnownFileType = file.storyboard; name = Base; path = Base.lproj/Main.storyboard; sourceTree = "<group>"; };
		DCD92A3328805702003E8310 /* Assets.xcassets */ = {isa = PBXFileReference; lastKnownFileType = folder.assetcatalog; path = Assets.xcassets; sourceTree = "<group>"; };
		DCD92A3628805702003E8310 /* Base */ = {isa = PBXFileReference; lastKnownFileType = file.storyboard; name = Base; path = Base.lproj/LaunchScreen.storyboard; sourceTree = "<group>"; };
		DCD92A3828805702003E8310 /* Info.plist */ = {isa = PBXFileReference; lastKnownFileType = text.plist.xml; path = Info.plist; sourceTree = "<group>"; };
/* End PBXFileReference section */

/* Begin PBXFrameworksBuildPhase section */
		DCD92A2428805700003E8310 /* Frameworks */ = {
			isa = PBXFrameworksBuildPhase;
			buildActionMask = 2147483647;
			files = (
				1F27A9C84FA7212A937DEE7E /* Pods_CookBookApp.framework in Frameworks */,
			);
			runOnlyForDeploymentPostprocessing = 0;
		};
/* End PBXFrameworksBuildPhase section */

/* Begin PBXGroup section */
		175BFEDF9632D676D741253E /* Frameworks */ = {
			isa = PBXGroup;
			children = (
				4C2C4F116B9D8865A14ACE88 /* Pods_CookBookApp.framework */,
			);
			name = Frameworks;
			sourceTree = "<group>";
		};
		8BBF538081E37BA03B1D377D /* Pods */ = {
			isa = PBXGroup;
			children = (
				5FAD573A0D965D86729FC8EF /* Pods-CookBookApp.debug.xcconfig */,
				1F8A43763AA16B10FA4349E9 /* Pods-CookBookApp.release.xcconfig */,
			);
			path = Pods;
			sourceTree = "<group>";
		};
		DC2376AE28806E1400DDBBCD /* Materials */ = {
			isa = PBXGroup;
			children = (
				DCD92A3328805702003E8310 /* Assets.xcassets */,
			);
			path = Materials;
			sourceTree = "<group>";
		};
		DC2376AF28806E2400DDBBCD /* SupportFiles */ = {
			isa = PBXGroup;
			children = (
				DCD92A2A28805700003E8310 /* AppDelegate.swift */,
				DCD92A2C28805700003E8310 /* SceneDelegate.swift */,
				DCD92A3828805702003E8310 /* Info.plist */,
			);
			path = SupportFiles;
			sourceTree = "<group>";
		};
		DC2376B028806E4800DDBBCD /* Storyboards */ = {
			isa = PBXGroup;
			children = (
				DCD92A3028805700003E8310 /* Main.storyboard */,
				DCD92A3528805702003E8310 /* LaunchScreen.storyboard */,
			);
			path = Storyboards;
			sourceTree = "<group>";
		};
		DC2376B128806E5500DDBBCD /* ViewControllers */ = {
			isa = PBXGroup;
			children = (
				DC2376BC2880710F00DDBBCD /* MainCollectionViewController.swift */,
				DC2376BE2880712E00DDBBCD /* CollectionViewCell.swift */,
				DC2376C02880717900DDBBCD /* AddViewController.swift */,
				DC2376C22880719200DDBBCD /* DetailsViewController.swift */,
			);
			path = ViewControllers;
			sourceTree = "<group>";
		};
		DC2376B228806E6F00DDBBCD /* Services */ = {
			isa = PBXGroup;
			children = (
				DC2376B82880703C00DDBBCD /* StorageManager.swift */,
				DC2376BA2880705900DDBBCD /* DataManager.swift */,
			);
			path = Services;
			sourceTree = "<group>";
		};
		DC2376B328806E7800DDBBCD /* Models */ = {
			isa = PBXGroup;
			children = (
				DC2376B428806EF400DDBBCD /* Dish.swift */,
			);
			path = Models;
			sourceTree = "<group>";
		};
		DCD92A1E28805700003E8310 = {
			isa = PBXGroup;
			children = (
				DCD92A2928805700003E8310 /* CookBookApp */,
				DCD92A2828805700003E8310 /* Products */,
				8BBF538081E37BA03B1D377D /* Pods */,
				175BFEDF9632D676D741253E /* Frameworks */,
			);
			sourceTree = "<group>";
		};
		DCD92A2828805700003E8310 /* Products */ = {
			isa = PBXGroup;
			children = (
				DCD92A2728805700003E8310 /* CookBookApp.app */,
			);
			name = Products;
			sourceTree = "<group>";
		};
		DCD92A2928805700003E8310 /* CookBookApp */ = {
			isa = PBXGroup;
			children = (
				DC2376B328806E7800DDBBCD /* Models */,
				DC2376B228806E6F00DDBBCD /* Services */,
				DC2376B128806E5500DDBBCD /* ViewControllers */,
				DC2376AF28806E2400DDBBCD /* SupportFiles */,
				DC2376B028806E4800DDBBCD /* Storyboards */,
				DC2376AE28806E1400DDBBCD /* Materials */,
			);
			path = CookBookApp;
			sourceTree = "<group>";
		};
/* End PBXGroup section */

/* Begin PBXNativeTarget section */
		DCD92A2628805700003E8310 /* CookBookApp */ = {
			isa = PBXNativeTarget;
			buildConfigurationList = DCD92A3B28805702003E8310 /* Build configuration list for PBXNativeTarget "CookBookApp" */;
			buildPhases = (
				56434C12CDD03EA9518C7687 /* [CP] Check Pods Manifest.lock */,
				DCD92A2328805700003E8310 /* Sources */,
				DCD92A2428805700003E8310 /* Frameworks */,
				DCD92A2528805700003E8310 /* Resources */,
				105D24F9FA3816B9F87A50BF /* [CP] Embed Pods Frameworks */,
			);
			buildRules = (
			);
			dependencies = (
			);
			name = CookBookApp;
			productName = CookBookApp;
			productReference = DCD92A2728805700003E8310 /* CookBookApp.app */;
			productType = "com.apple.product-type.application";
		};
/* End PBXNativeTarget section */

/* Begin PBXProject section */
		DCD92A1F28805700003E8310 /* Project object */ = {
			isa = PBXProject;
			attributes = {
				BuildIndependentTargetsInParallel = 1;
				LastSwiftUpdateCheck = 1340;
				LastUpgradeCheck = 1340;
				TargetAttributes = {
					DCD92A2628805700003E8310 = {
						CreatedOnToolsVersion = 13.4.1;
					};
				};
			};
			buildConfigurationList = DCD92A2228805700003E8310 /* Build configuration list for PBXProject "CookBookApp" */;
			compatibilityVersion = "Xcode 13.0";
			developmentRegion = en;
			hasScannedForEncodings = 0;
			knownRegions = (
				en,
				Base,
			);
			mainGroup = DCD92A1E28805700003E8310;
			productRefGroup = DCD92A2828805700003E8310 /* Products */;
			projectDirPath = "";
			projectRoot = "";
			targets = (
				DCD92A2628805700003E8310 /* CookBookApp */,
			);
		};
/* End PBXProject section */

/* Begin PBXResourcesBuildPhase section */
		DCD92A2528805700003E8310 /* Resources */ = {
			isa = PBXResourcesBuildPhase;
			buildActionMask = 2147483647;
			files = (
				DCD92A3728805702003E8310 /* LaunchScreen.storyboard in Resources */,
				DCD92A3428805702003E8310 /* Assets.xcassets in Resources */,
				DCD92A3228805701003E8310 /* Main.storyboard in Resources */,
			);
			runOnlyForDeploymentPostprocessing = 0;
		};
/* End PBXResourcesBuildPhase section */

/* Begin PBXShellScriptBuildPhase section */
		105D24F9FA3816B9F87A50BF /* [CP] Embed Pods Frameworks */ = {
			isa = PBXShellScriptBuildPhase;
			buildActionMask = 2147483647;
			files = (
			);
			inputFileListPaths = (
				"${PODS_ROOT}/Target Support Files/Pods-CookBookApp/Pods-CookBookApp-frameworks-${CONFIGURATION}-input-files.xcfilelist",
			);
			name = "[CP] Embed Pods Frameworks";
			outputFileListPaths = (
				"${PODS_ROOT}/Target Support Files/Pods-CookBookApp/Pods-CookBookApp-frameworks-${CONFIGURATION}-output-files.xcfilelist",
			);
			runOnlyForDeploymentPostprocessing = 0;
			shellPath = /bin/sh;
			shellScript = "\"${PODS_ROOT}/Target Support Files/Pods-CookBookApp/Pods-CookBookApp-frameworks.sh\"\n";
			showEnvVarsInLog = 0;
		};
		56434C12CDD03EA9518C7687 /* [CP] Check Pods Manifest.lock */ = {
			isa = PBXShellScriptBuildPhase;
			buildActionMask = 2147483647;
			files = (
			);
			inputFileListPaths = (
			);
			inputPaths = (
				"${PODS_PODFILE_DIR_PATH}/Podfile.lock",
				"${PODS_ROOT}/Manifest.lock",
			);
			name = "[CP] Check Pods Manifest.lock";
			outputFileListPaths = (
			);
			outputPaths = (
				"$(DERIVED_FILE_DIR)/Pods-CookBookApp-checkManifestLockResult.txt",
			);
			runOnlyForDeploymentPostprocessing = 0;
			shellPath = /bin/sh;
			shellScript = "diff \"${PODS_PODFILE_DIR_PATH}/Podfile.lock\" \"${PODS_ROOT}/Manifest.lock\" > /dev/null\nif [ $? != 0 ] ; then\n    # print error to STDERR\n    echo \"error: The sandbox is not in sync with the Podfile.lock. Run 'pod install' or update your CocoaPods installation.\" >&2\n    exit 1\nfi\n# This output is used by Xcode 'outputs' to avoid re-running this script phase.\necho \"SUCCESS\" > \"${SCRIPT_OUTPUT_FILE_0}\"\n";
			showEnvVarsInLog = 0;
		};
/* End PBXShellScriptBuildPhase section */

/* Begin PBXSourcesBuildPhase section */
		DCD92A2328805700003E8310 /* Sources */ = {
			isa = PBXSourcesBuildPhase;
			buildActionMask = 2147483647;
			files = (
				DC2376B528806EF400DDBBCD /* Dish.swift in Sources */,
				DC2376BD2880710F00DDBBCD /* MainCollectionViewController.swift in Sources */,
				DC2376C32880719200DDBBCD /* DetailsViewController.swift in Sources */,
				DC2376C12880717900DDBBCD /* AddViewController.swift in Sources */,
				DC2376BB2880705900DDBBCD /* DataManager.swift in Sources */,
				DC2376BF2880712E00DDBBCD /* CollectionViewCell.swift in Sources */,
				DCD92A2B28805700003E8310 /* AppDelegate.swift in Sources */,
				DCD92A2D28805700003E8310 /* SceneDelegate.swift in Sources */,
				DC2376B92880703C00DDBBCD /* StorageManager.swift in Sources */,
			);
			runOnlyForDeploymentPostprocessing = 0;
		};
/* End PBXSourcesBuildPhase section */

/* Begin PBXVariantGroup section */
		DCD92A3028805700003E8310 /* Main.storyboard */ = {
			isa = PBXVariantGroup;
			children = (
				DCD92A3128805700003E8310 /* Base */,
			);
			name = Main.storyboard;
			sourceTree = "<group>";
		};
		DCD92A3528805702003E8310 /* LaunchScreen.storyboard */ = {
			isa = PBXVariantGroup;
			children = (
				DCD92A3628805702003E8310 /* Base */,
			);
			name = LaunchScreen.storyboard;
			sourceTree = "<group>";
		};
/* End PBXVariantGroup section */

/* Begin XCBuildConfiguration section */
		DCD92A3928805702003E8310 /* Debug */ = {
			isa = XCBuildConfiguration;
			buildSettings = {
				ALWAYS_SEARCH_USER_PATHS = NO;
				CLANG_ANALYZER_NONNULL = YES;
				CLANG_ANALYZER_NUMBER_OBJECT_CONVERSION = YES_AGGRESSIVE;
				CLANG_CXX_LANGUAGE_STANDARD = "gnu++17";
				CLANG_ENABLE_MODULES = YES;
				CLANG_ENABLE_OBJC_ARC = YES;
				CLANG_ENABLE_OBJC_WEAK = YES;
				CLANG_WARN_BLOCK_CAPTURE_AUTORELEASING = YES;
				CLANG_WARN_BOOL_CONVERSION = YES;
				CLANG_WARN_COMMA = YES;
				CLANG_WARN_CONSTANT_CONVERSION = YES;
				CLANG_WARN_DEPRECATED_OBJC_IMPLEMENTATIONS = YES;
				CLANG_WARN_DIRECT_OBJC_ISA_USAGE = YES_ERROR;
				CLANG_WARN_DOCUMENTATION_COMMENTS = YES;
				CLANG_WARN_EMPTY_BODY = YES;
				CLANG_WARN_ENUM_CONVERSION = YES;
				CLANG_WARN_INFINITE_RECURSION = YES;
				CLANG_WARN_INT_CONVERSION = YES;
				CLANG_WARN_NON_LITERAL_NULL_CONVERSION = YES;
				CLANG_WARN_OBJC_IMPLICIT_RETAIN_SELF = YES;
				CLANG_WARN_OBJC_LITERAL_CONVERSION = YES;
				CLANG_WARN_OBJC_ROOT_CLASS = YES_ERROR;
				CLANG_WARN_QUOTED_INCLUDE_IN_FRAMEWORK_HEADER = YES;
				CLANG_WARN_RANGE_LOOP_ANALYSIS = YES;
				CLANG_WARN_STRICT_PROTOTYPES = YES;
				CLANG_WARN_SUSPICIOUS_MOVE = YES;
				CLANG_WARN_UNGUARDED_AVAILABILITY = YES_AGGRESSIVE;
				CLANG_WARN_UNREACHABLE_CODE = YES;
				CLANG_WARN__DUPLICATE_METHOD_MATCH = YES;
				COPY_PHASE_STRIP = NO;
				DEBUG_INFORMATION_FORMAT = dwarf;
				ENABLE_STRICT_OBJC_MSGSEND = YES;
				ENABLE_TESTABILITY = YES;
				GCC_C_LANGUAGE_STANDARD = gnu11;
				GCC_DYNAMIC_NO_PIC = NO;
				GCC_NO_COMMON_BLOCKS = YES;
				GCC_OPTIMIZATION_LEVEL = 0;
				GCC_PREPROCESSOR_DEFINITIONS = (
					"DEBUG=1",
					"$(inherited)",
				);
				GCC_WARN_64_TO_32_BIT_CONVERSION = YES;
				GCC_WARN_ABOUT_RETURN_TYPE = YES_ERROR;
				GCC_WARN_UNDECLARED_SELECTOR = YES;
				GCC_WARN_UNINITIALIZED_AUTOS = YES_AGGRESSIVE;
				GCC_WARN_UNUSED_FUNCTION = YES;
				GCC_WARN_UNUSED_VARIABLE = YES;
				IPHONEOS_DEPLOYMENT_TARGET = 15.5;
				MTL_ENABLE_DEBUG_INFO = INCLUDE_SOURCE;
				MTL_FAST_MATH = YES;
				ONLY_ACTIVE_ARCH = YES;
				SDKROOT = iphoneos;
				SWIFT_ACTIVE_COMPILATION_CONDITIONS = DEBUG;
				SWIFT_OPTIMIZATION_LEVEL = "-Onone";
			};
			name = Debug;
		};
		DCD92A3A28805702003E8310 /* Release */ = {
			isa = XCBuildConfiguration;
			buildSettings = {
				ALWAYS_SEARCH_USER_PATHS = NO;
				CLANG_ANALYZER_NONNULL = YES;
				CLANG_ANALYZER_NUMBER_OBJECT_CONVERSION = YES_AGGRESSIVE;
				CLANG_CXX_LANGUAGE_STANDARD = "gnu++17";
				CLANG_ENABLE_MODULES = YES;
				CLANG_ENABLE_OBJC_ARC = YES;
				CLANG_ENABLE_OBJC_WEAK = YES;
				CLANG_WARN_BLOCK_CAPTURE_AUTORELEASING = YES;
				CLANG_WARN_BOOL_CONVERSION = YES;
				CLANG_WARN_COMMA = YES;
				CLANG_WARN_CONSTANT_CONVERSION = YES;
				CLANG_WARN_DEPRECATED_OBJC_IMPLEMENTATIONS = YES;
				CLANG_WARN_DIRECT_OBJC_ISA_USAGE = YES_ERROR;
				CLANG_WARN_DOCUMENTATION_COMMENTS = YES;
				CLANG_WARN_EMPTY_BODY = YES;
				CLANG_WARN_ENUM_CONVERSION = YES;
				CLANG_WARN_INFINITE_RECURSION = YES;
				CLANG_WARN_INT_CONVERSION = YES;
				CLANG_WARN_NON_LITERAL_NULL_CONVERSION = YES;
				CLANG_WARN_OBJC_IMPLICIT_RETAIN_SELF = YES;
				CLANG_WARN_OBJC_LITERAL_CONVERSION = YES;
				CLANG_WARN_OBJC_ROOT_CLASS = YES_ERROR;
				CLANG_WARN_QUOTED_INCLUDE_IN_FRAMEWORK_HEADER = YES;
				CLANG_WARN_RANGE_LOOP_ANALYSIS = YES;
				CLANG_WARN_STRICT_PROTOTYPES = YES;
				CLANG_WARN_SUSPICIOUS_MOVE = YES;
				CLANG_WARN_UNGUARDED_AVAILABILITY = YES_AGGRESSIVE;
				CLANG_WARN_UNREACHABLE_CODE = YES;
				CLANG_WARN__DUPLICATE_METHOD_MATCH = YES;
				COPY_PHASE_STRIP = NO;
				DEBUG_INFORMATION_FORMAT = "dwarf-with-dsym";
				ENABLE_NS_ASSERTIONS = NO;
				ENABLE_STRICT_OBJC_MSGSEND = YES;
				GCC_C_LANGUAGE_STANDARD = gnu11;
				GCC_NO_COMMON_BLOCKS = YES;
				GCC_WARN_64_TO_32_BIT_CONVERSION = YES;
				GCC_WARN_ABOUT_RETURN_TYPE = YES_ERROR;
				GCC_WARN_UNDECLARED_SELECTOR = YES;
				GCC_WARN_UNINITIALIZED_AUTOS = YES_AGGRESSIVE;
				GCC_WARN_UNUSED_FUNCTION = YES;
				GCC_WARN_UNUSED_VARIABLE = YES;
				IPHONEOS_DEPLOYMENT_TARGET = 15.5;
				MTL_ENABLE_DEBUG_INFO = NO;
				MTL_FAST_MATH = YES;
				SDKROOT = iphoneos;
				SWIFT_COMPILATION_MODE = wholemodule;
				SWIFT_OPTIMIZATION_LEVEL = "-O";
				VALIDATE_PRODUCT = YES;
			};
			name = Release;
		};
		DCD92A3C28805702003E8310 /* Debug */ = {
			isa = XCBuildConfiguration;
			baseConfigurationReference = 5FAD573A0D965D86729FC8EF /* Pods-CookBookApp.debug.xcconfig */;
			buildSettings = {
				ASSETCATALOG_COMPILER_APPICON_NAME = AppIcon;
				ASSETCATALOG_COMPILER_GLOBAL_ACCENT_COLOR_NAME = AccentColor;
				CODE_SIGN_STYLE = Automatic;
				CURRENT_PROJECT_VERSION = 1;
				DEVELOPMENT_TEAM = 5KN7899368;
				GENERATE_INFOPLIST_FILE = YES;
				INFOPLIST_FILE = CookBookApp/SupportFiles/Info.plist;
				INFOPLIST_KEY_CFBundleDisplayName = YourOwnRecipe;
				INFOPLIST_KEY_NSPhotoLibraryUsageDescription = "Please allow acces.";
				INFOPLIST_KEY_UIApplicationSupportsIndirectInputEvents = YES;
				INFOPLIST_KEY_UILaunchStoryboardName = LaunchScreen;
				INFOPLIST_KEY_UIMainStoryboardFile = Main;
				INFOPLIST_KEY_UISupportedInterfaceOrientations_iPad = "UIInterfaceOrientationPortrait UIInterfaceOrientationPortraitUpsideDown UIInterfaceOrientationLandscapeLeft UIInterfaceOrientationLandscapeRight";
				INFOPLIST_KEY_UISupportedInterfaceOrientations_iPhone = "UIInterfaceOrientationPortrait UIInterfaceOrientationLandscapeLeft UIInterfaceOrientationLandscapeRight";
				LD_RUNPATH_SEARCH_PATHS = (
					"$(inherited)",
					"@executable_path/Frameworks",
				);
				MARKETING_VERSION = 1.0;
				PRODUCT_BUNDLE_IDENTIFIER = klimenko.CookBookApp;
				PRODUCT_NAME = "$(TARGET_NAME)";
				SWIFT_EMIT_LOC_STRINGS = YES;
				SWIFT_VERSION = 5.0;
				TARGETED_DEVICE_FAMILY = 1;
			};
			name = Debug;
		};
		DCD92A3D28805702003E8310 /* Release */ = {
			isa = XCBuildConfiguration;
			baseConfigurationReference = 1F8A43763AA16B10FA4349E9 /* Pods-CookBookApp.release.xcconfig */;
			buildSettings = {
				ASSETCATALOG_COMPILER_APPICON_NAME = AppIcon;
				ASSETCATALOG_COMPILER_GLOBAL_ACCENT_COLOR_NAME = AccentColor;
				CODE_SIGN_STYLE = Automatic;
				CURRENT_PROJECT_VERSION = 1;
				DEVELOPMENT_TEAM = 5KN7899368;
				GENERATE_INFOPLIST_FILE = YES;
				INFOPLIST_FILE = CookBookApp/SupportFiles/Info.plist;
				INFOPLIST_KEY_CFBundleDisplayName = YourOwnRecipe;
				INFOPLIST_KEY_NSPhotoLibraryUsageDescription = "Please allow acces.";
				INFOPLIST_KEY_UIApplicationSupportsIndirectInputEvents = YES;
				INFOPLIST_KEY_UILaunchStoryboardName = LaunchScreen;
				INFOPLIST_KEY_UIMainStoryboardFile = Main;
				INFOPLIST_KEY_UISupportedInterfaceOrientations_iPad = "UIInterfaceOrientationPortrait UIInterfaceOrientationPortraitUpsideDown UIInterfaceOrientationLandscapeLeft UIInterfaceOrientationLandscapeRight";
				INFOPLIST_KEY_UISupportedInterfaceOrientations_iPhone = "UIInterfaceOrientationPortrait UIInterfaceOrientationLandscapeLeft UIInterfaceOrientationLandscapeRight";
				LD_RUNPATH_SEARCH_PATHS = (
					"$(inherited)",
					"@executable_path/Frameworks",
				);
				MARKETING_VERSION = 1.0;
				PRODUCT_BUNDLE_IDENTIFIER = klimenko.CookBookApp;
				PRODUCT_NAME = "$(TARGET_NAME)";
				SWIFT_EMIT_LOC_STRINGS = YES;
				SWIFT_VERSION = 5.0;
				TARGETED_DEVICE_FAMILY = 1;
			};
			name = Release;
		};
/* End XCBuildConfiguration section */

/* Begin XCConfigurationList section */
		DCD92A2228805700003E8310 /* Build configuration list for PBXProject "CookBookApp" */ = {
			isa = XCConfigurationList;
			buildConfigurations = (
				DCD92A3928805702003E8310 /* Debug */,
				DCD92A3A28805702003E8310 /* Release */,
			);
			defaultConfigurationIsVisible = 0;
			defaultConfigurationName = Release;
		};
		DCD92A3B28805702003E8310 /* Build configuration list for PBXNativeTarget "CookBookApp" */ = {
			isa = XCConfigurationList;
			buildConfigurations = (
				DCD92A3C28805702003E8310 /* Debug */,
				DCD92A3D28805702003E8310 /* Release */,
			);
			defaultConfigurationIsVisible = 0;
			defaultConfigurationName = Release;
		};
/* End XCConfigurationList section */
	};
	rootObject = DCD92A1F28805700003E8310 /* Project object */;
}
